
Microsoft Visual Studio Solution File, Format Version 12.00
# Visual Studio Version 17
VisualStudioVersion = 17.4.33110.190
MinimumVisualStudioVersion = 10.0.40219.1
Project("{9A19103F-16F7-4668-BE54-9A1E7A4F7556}") = "CsDemo", "CsDemo\CsDemo.csproj", "{86527CB8-929D-4CF1-ABD3-64E231579437}"
EndProject
Project("{9A19103F-16F7-4668-BE54-9A1E7A4F7556}") = "CsDemo.Server", "CsDemo.Server\CsDemo.Server.csproj", "{C2DAE9B8-3AC8-41F4-8889-D4D21F092358}"
EndProject
Project("{9A19103F-16F7-4668-BE54-9A1E7A4F7556}") = "CsDemo.CsClient", "CsDemo.CsClient\CsDemo.CsClient.csproj", "{43A551B0-F650-439E-97DC-8CE118AA49E2}"
	ProjectSection(ProjectDependencies) = postProject
		{C2DAE9B8-3AC8-41F4-8889-D4D21F092358} = {C2DAE9B8-3AC8-41F4-8889-D4D21F092358}
	EndProjectSection
EndProject
Project("{9A19103F-16F7-4668-BE54-9A1E7A4F7556}") = "AuthDemo.Client", "AuthDemo.Client\AuthDemo.Client.csproj", "{FFFA5883-960E-4A5C-AE34-42523B387158}"
EndProject
Project("{9A19103F-16F7-4668-BE54-9A1E7A4F7556}") = "AuthDemo.Server", "AuthDemo.Server\AuthDemo.Server.csproj", "{5C6E6482-3D75-4E8E-A8F5-F14C4AF724EE}"
EndProject
Project("{9A19103F-16F7-4668-BE54-9A1E7A4F7556}") = "AspMvcDemo", "AspMvcDemo\AspMvcDemo.csproj", "{50B70EBC-8C00-4628-A074-3572C770D086}"
EndProject
Project("{FAE04EC0-301F-11D3-BF4B-00C04F79EFBC}") = "AspCertsDemo", "AspCertsDemo\AspCertsDemo.csproj", "{AF788707-A24D-42BA-98C5-CECA27A83ECD}"
EndProject
Global
	GlobalSection(SolutionConfigurationPlatforms) = preSolution
		Debug|Any CPU = Debug|Any CPU
		Release|Any CPU = Release|Any CPU
	EndGlobalSection
	GlobalSection(ProjectConfigurationPlatforms) = postSolution
		{86527CB8-929D-4CF1-ABD3-64E231579437}.Debug|Any CPU.ActiveCfg = Debug|Any CPU
		{86527CB8-929D-4CF1-ABD3-64E231579437}.Debug|Any CPU.Build.0 = Debug|Any CPU
		{86527CB8-929D-4CF1-ABD3-64E231579437}.Release|Any CPU.ActiveCfg = Release|Any CPU
		{86527CB8-929D-4CF1-ABD3-64E231579437}.Release|Any CPU.Build.0 = Release|Any CPU
		{C2DAE9B8-3AC8-41F4-8889-D4D21F092358}.Debug|Any CPU.ActiveCfg = Debug|Any CPU
		{C2DAE9B8-3AC8-41F4-8889-D4D21F092358}.Debug|Any CPU.Build.0 = Debug|Any CPU
		{C2DAE9B8-3AC8-41F4-8889-D4D21F092358}.Release|Any CPU.ActiveCfg = Release|Any CPU
		{C2DAE9B8-3AC8-41F4-8889-D4D21F092358}.Release|Any CPU.Build.0 = Release|Any CPU
		{43A551B0-F650-439E-97DC-8CE118AA49E2}.Debug|Any CPU.ActiveCfg = Debug|Any CPU
		{43A551B0-F650-439E-97DC-8CE118AA49E2}.Debug|Any CPU.Build.0 = Debug|Any CPU
		{43A551B0-F650-439E-97DC-8CE118AA49E2}.Release|Any CPU.ActiveCfg = Release|Any CPU
		{43A551B0-F650-439E-97DC-8CE118AA49E2}.Release|Any CPU.Build.0 = Release|Any CPU
		{FFFA5883-960E-4A5C-AE34-42523B387158}.Debug|Any CPU.ActiveCfg = Debug|Any CPU
		{FFFA5883-960E-4A5C-AE34-42523B387158}.Debug|Any CPU.Build.0 = Debug|Any CPU
		{FFFA5883-960E-4A5C-AE34-42523B387158}.Release|Any CPU.ActiveCfg = Release|Any CPU
		{FFFA5883-960E-4A5C-AE34-42523B387158}.Release|Any CPU.Build.0 = Release|Any CPU
		{5C6E6482-3D75-4E8E-A8F5-F14C4AF724EE}.Debug|Any CPU.ActiveCfg = Debug|Any CPU
		{5C6E6482-3D75-4E8E-A8F5-F14C4AF724EE}.Debug|Any CPU.Build.0 = Debug|Any CPU
		{5C6E6482-3D75-4E8E-A8F5-F14C4AF724EE}.Release|Any CPU.ActiveCfg = Release|Any CPU
		{5C6E6482-3D75-4E8E-A8F5-F14C4AF724EE}.Release|Any CPU.Build.0 = Release|Any CPU
		{50B70EBC-8C00-4628-A074-3572C770D086}.Debug|Any CPU.ActiveCfg = Debug|Any CPU
		{50B70EBC-8C00-4628-A074-3572C770D086}.Debug|Any CPU.Build.0 = Debug|Any CPU
		{50B70EBC-8C00-4628-A074-3572C770D086}.Release|Any CPU.ActiveCfg = Release|Any CPU
		{50B70EBC-8C00-4628-A074-3572C770D086}.Release|Any CPU.Build.0 = Release|Any CPU
		{AF788707-A24D-42BA-98C5-CECA27A83ECD}.Debug|Any CPU.ActiveCfg = Debug|Any CPU
		{AF788707-A24D-42BA-98C5-CECA27A83ECD}.Debug|Any CPU.Build.0 = Debug|Any CPU
		{AF788707-A24D-42BA-98C5-CECA27A83ECD}.Release|Any CPU.ActiveCfg = Release|Any CPU
		{AF788707-A24D-42BA-98C5-CECA27A83ECD}.Release|Any CPU.Build.0 = Release|Any CPU
	EndGlobalSection
	GlobalSection(SolutionProperties) = preSolution
		HideSolutionNode = FALSE
	EndGlobalSection
	GlobalSection(ExtensibilityGlobals) = postSolution
		SolutionGuid = {8BED89C6-9D05-4A14-B51E-5F5C009D85A2}
	EndGlobalSection
EndGlobal
